
Microsoft Visual Studio Solution File, Format Version 12.00
# Visual Studio 2012
Project("{8BC9CEB8-8B4A-11D0-8D11-00A0C91BC942}") = "EncloseArea", "EncloseArea\EncloseArea.vcxproj", "{D98A54E6-46F4-4A65-AD87-484C883164B9}"
EndProject
Global
	GlobalSection(SolutionConfigurationPlatforms) = preSolution
		Debug|Win32 = Debug|Win32
		Release|Win32 = Release|Win32
	EndGlobalSection
	GlobalSection(ProjectConfigurationPlatforms) = postSolution
		{D98A54E6-46F4-4A65-AD87-484C883164B9}.Debug|Win32.ActiveCfg = Debug|Win32
		{D98A54E6-46F4-4A65-AD87-484C883164B9}.Debug|Win32.Build.0 = Debug|Win32
		{D98A54E6-46F4-4A65-AD87-484C883164B9}.Release|Win32.ActiveCfg = Release|Win32
		{D98A54E6-46F4-4A65-AD87-484C883164B9}.Release|Win32.Build.0 = Release|Win32
	EndGlobalSection
	GlobalSection(SolutionProperties) = preSolution
		HideSolutionNode = FALSE
	EndGlobalSection
EndGlobal
